# This file is automatically @generated by Cargo.
# It is not intended for manual editing.
version = 3

[[package]]
name = "kd-tree"
version = "0.1.0"
dependencies = [
 "multi-dimension",
]

[[package]]
name = "kdtree"
version = "0.1.0"
dependencies = [
 "kd-tree",
 "multi-dimension",
]

[[package]]
name = "multi-dimension"
version = "0.1.0"
